// !$*UTF8*$!
{
	archiveVersion = 1;
	classes = {
	};
	objectVersion = 46;
	objects = {

/* Begin PBXBuildFile section */
		CE5115E01EF9DDE800C5B9A5 /* AppDelegate.swift in Sources */ = {isa = PBXBuildFile; fileRef = CE5115DF1EF9DDE800C5B9A5 /* AppDelegate.swift */; };
		CE5115E21EF9DDE800C5B9A5 /* ViewController.swift in Sources */ = {isa = PBXBuildFile; fileRef = CE5115E11EF9DDE800C5B9A5 /* ViewController.swift */; };
		CE5115E51EF9DDE800C5B9A5 /* Main.storyboard in Resources */ = {isa = PBXBuildFile; fileRef = CE5115E31EF9DDE800C5B9A5 /* Main.storyboard */; };
		CE5115E71EF9DDE800C5B9A5 /* Assets.xcassets in Resources */ = {isa = PBXBuildFile; fileRef = CE5115E61EF9DDE800C5B9A5 /* Assets.xcassets */; };
		CE5115EA1EF9DDE800C5B9A5 /* LaunchScreen.storyboard in Resources */ = {isa = PBXBuildFile; fileRef = CE5115E81EF9DDE800C5B9A5 /* LaunchScreen.storyboard */; };
		CE5115F51EF9DDE800C5B9A5 /* MediaPlayerDemoTests.swift in Sources */ = {isa = PBXBuildFile; fileRef = CE5115F41EF9DDE800C5B9A5 /* MediaPlayerDemoTests.swift */; };
		CE5116001EF9DDE800C5B9A5 /* MediaPlayerDemoUITests.swift in Sources */ = {isa = PBXBuildFile; fileRef = CE5115FF1EF9DDE800C5B9A5 /* MediaPlayerDemoUITests.swift */; };
/* End PBXBuildFile section */

/* Begin PBXContainerItemProxy section */
		CE5115F11EF9DDE800C5B9A5 /* PBXContainerItemProxy */ = {
			isa = PBXContainerItemProxy;
			containerPortal = CE5115D41EF9DDE800C5B9A5 /* Project object */;
			proxyType = 1;
			remoteGlobalIDString = CE5115DB1EF9DDE800C5B9A5;
			remoteInfo = MediaPlayerDemo;
		};
		CE5115FC1EF9DDE800C5B9A5 /* PBXContainerItemProxy */ = {
			isa = PBXContainerItemProxy;
			containerPortal = CE5115D41EF9DDE800C5B9A5 /* Project object */;
			proxyType = 1;
			remoteGlobalIDString = CE5115DB1EF9DDE800C5B9A5;
			remoteInfo = MediaPlayerDemo;
		};
/* End PBXContainerItemProxy section */

/* Begin PBXFileReference section */
		CE5115DC1EF9DDE800C5B9A5 /* MediaPlayerDemo.app */ = {isa = PBXFileReference; explicitFileType = wrapper.application; includeInIndex = 0; path = MediaPlayerDemo.app; sourceTree = BUILT_PRODUCTS_DIR; };
		CE5115DF1EF9DDE800C5B9A5 /* AppDelegate.swift */ = {isa = PBXFileReference; lastKnownFileType = sourcecode.swift; path = AppDelegate.swift; sourceTree = "<group>"; };
		CE5115E11EF9DDE800C5B9A5 /* ViewController.swift */ = {isa = PBXFileReference; lastKnownFileType = sourcecode.swift; path = ViewController.swift; sourceTree = "<group>"; };
		CE5115E41EF9DDE800C5B9A5 /* Base */ = {isa = PBXFileReference; lastKnownFileType = file.storyboard; name = Base; path = Base.lproj/Main.storyboard; sourceTree = "<group>"; };
		CE5115E61EF9DDE800C5B9A5 /* Assets.xcassets */ = {isa = PBXFileReference; lastKnownFileType = folder.assetcatalog; path = Assets.xcassets; sourceTree = "<group>"; };
		CE5115E91EF9DDE800C5B9A5 /* Base */ = {isa = PBXFileReference; lastKnownFileType = file.storyboard; name = Base; path = Base.lproj/LaunchScreen.storyboard; sourceTree = "<group>"; };
		CE5115EB1EF9DDE800C5B9A5 /* Info.plist */ = {isa = PBXFileReference; lastKnownFileType = text.plist.xml; path = Info.plist; sourceTree = "<group>"; };
		CE5115F01EF9DDE800C5B9A5 /* MediaPlayerDemoTests.xctest */ = {isa = PBXFileReference; explicitFileType = wrapper.cfbundle; includeInIndex = 0; path = MediaPlayerDemoTests.xctest; sourceTree = BUILT_PRODUCTS_DIR; };
		CE5115F41EF9DDE800C5B9A5 /* MediaPlayerDemoTests.swift */ = {isa = PBXFileReference; lastKnownFileType = sourcecode.swift; path = MediaPlayerDemoTests.swift; sourceTree = "<group>"; };
		CE5115F61EF9DDE800C5B9A5 /* Info.plist */ = {isa = PBXFileReference; lastKnownFileType = text.plist.xml; path = Info.plist; sourceTree = "<group>"; };
		CE5115FB1EF9DDE800C5B9A5 /* MediaPlayerDemoUITests.xctest */ = {isa = PBXFileReference; explicitFileType = wrapper.cfbundle; includeInIndex = 0; path = MediaPlayerDemoUITests.xctest; sourceTree = BUILT_PRODUCTS_DIR; };
		CE5115FF1EF9DDE800C5B9A5 /* MediaPlayerDemoUITests.swift */ = {isa = PBXFileReference; lastKnownFileType = sourcecode.swift; path = MediaPlayerDemoUITests.swift; sourceTree = "<group>"; };
		CE5116011EF9DDE800C5B9A5 /* Info.plist */ = {isa = PBXFileReference; lastKnownFileType = text.plist.xml; path = Info.plist; sourceTree = "<group>"; };
/* End PBXFileReference section */

/* Begin PBXFrameworksBuildPhase section */
		CE5115D91EF9DDE800C5B9A5 /* Frameworks */ = {
			isa = PBXFrameworksBuildPhase;
			buildActionMask = 2147483647;
			files = (
			);
			runOnlyForDeploymentPostprocessing = 0;
		};
		CE5115ED1EF9DDE800C5B9A5 /* Frameworks */ = {
			isa = PBXFrameworksBuildPhase;
			buildActionMask = 2147483647;
			files = (
			);
			runOnlyForDeploymentPostprocessing = 0;
		};
		CE5115F81EF9DDE800C5B9A5 /* Frameworks */ = {
			isa = PBXFrameworksBuildPhase;
			buildActionMask = 2147483647;
			files = (
			);
			runOnlyForDeploymentPostprocessing = 0;
		};
/* End PBXFrameworksBuildPhase section */

/* Begin PBXGroup section */
		CE5115D31EF9DDE800C5B9A5 = {
			isa = PBXGroup;
			children = (
				CE5115DE1EF9DDE800C5B9A5 /* MediaPlayerDemo */,
				CE5115F31EF9DDE800C5B9A5 /* MediaPlayerDemoTests */,
				CE5115FE1EF9DDE800C5B9A5 /* MediaPlayerDemoUITests */,
				CE5115DD1EF9DDE800C5B9A5 /* Products */,
			);
			sourceTree = "<group>";
		};
		CE5115DD1EF9DDE800C5B9A5 /* Products */ = {
			isa = PBXGroup;
			children = (
				CE5115DC1EF9DDE800C5B9A5 /* MediaPlayerDemo.app */,
				CE5115F01EF9DDE800C5B9A5 /* MediaPlayerDemoTests.xctest */,
				CE5115FB1EF9DDE800C5B9A5 /* MediaPlayerDemoUITests.xctest */,
			);
			name = Products;
			sourceTree = "<group>";
		};
		CE5115DE1EF9DDE800C5B9A5 /* MediaPlayerDemo */ = {
			isa = PBXGroup;
			children = (
				CE5115DF1EF9DDE800C5B9A5 /* AppDelegate.swift */,
				CE5115E11EF9DDE800C5B9A5 /* ViewController.swift */,
				CE5115E31EF9DDE800C5B9A5 /* Main.storyboard */,
				CE5115E61EF9DDE800C5B9A5 /* Assets.xcassets */,
				CE5115E81EF9DDE800C5B9A5 /* LaunchScreen.storyboard */,
				CE5115EB1EF9DDE800C5B9A5 /* Info.plist */,
			);
			path = MediaPlayerDemo;
			sourceTree = "<group>";
		};
		CE5115F31EF9DDE800C5B9A5 /* MediaPlayerDemoTests */ = {
			isa = PBXGroup;
			children = (
				CE5115F41EF9DDE800C5B9A5 /* MediaPlayerDemoTests.swift */,
				CE5115F61EF9DDE800C5B9A5 /* Info.plist */,
			);
			path = MediaPlayerDemoTests;
			sourceTree = "<group>";
		};
		CE5115FE1EF9DDE800C5B9A5 /* MediaPlayerDemoUITests */ = {
			isa = PBXGroup;
			children = (
				CE5115FF1EF9DDE800C5B9A5 /* MediaPlayerDemoUITests.swift */,
				CE5116011EF9DDE800C5B9A5 /* Info.plist */,
			);
			path = MediaPlayerDemoUITests;
			sourceTree = "<group>";
		};
/* End PBXGroup section */

/* Begin PBXNativeTarget section */
		CE5115DB1EF9DDE800C5B9A5 /* MediaPlayerDemo */ = {
			isa = PBXNativeTarget;
			buildConfigurationList = CE5116041EF9DDE800C5B9A5 /* Build configuration list for PBXNativeTarget "MediaPlayerDemo" */;
			buildPhases = (
				CE5115D81EF9DDE800C5B9A5 /* Sources */,
				CE5115D91EF9DDE800C5B9A5 /* Frameworks */,
				CE5115DA1EF9DDE800C5B9A5 /* Resources */,
			);
			buildRules = (
			);
			dependencies = (
			);
			name = MediaPlayerDemo;
			productName = MediaPlayerDemo;
			productReference = CE5115DC1EF9DDE800C5B9A5 /* MediaPlayerDemo.app */;
			productType = "com.apple.product-type.application";
		};
		CE5115EF1EF9DDE800C5B9A5 /* MediaPlayerDemoTests */ = {
			isa = PBXNativeTarget;
			buildConfigurationList = CE5116071EF9DDE800C5B9A5 /* Build configuration list for PBXNativeTarget "MediaPlayerDemoTests" */;
			buildPhases = (
				CE5115EC1EF9DDE800C5B9A5 /* Sources */,
				CE5115ED1EF9DDE800C5B9A5 /* Frameworks */,
				CE5115EE1EF9DDE800C5B9A5 /* Resources */,
			);
			buildRules = (
			);
			dependencies = (
				CE5115F21EF9DDE800C5B9A5 /* PBXTargetDependency */,
			);
			name = MediaPlayerDemoTests;
			productName = MediaPlayerDemoTests;
			productReference = CE5115F01EF9DDE800C5B9A5 /* MediaPlayerDemoTests.xctest */;
			productType = "com.apple.product-type.bundle.unit-test";
		};
		CE5115FA1EF9DDE800C5B9A5 /* MediaPlayerDemoUITests */ = {
			isa = PBXNativeTarget;
			buildConfigurationList = CE51160A1EF9DDE800C5B9A5 /* Build configuration list for PBXNativeTarget "MediaPlayerDemoUITests" */;
			buildPhases = (
				CE5115F71EF9DDE800C5B9A5 /* Sources */,
				CE5115F81EF9DDE800C5B9A5 /* Frameworks */,
				CE5115F91EF9DDE800C5B9A5 /* Resources */,
			);
			buildRules = (
			);
			dependencies = (
				CE5115FD1EF9DDE800C5B9A5 /* PBXTargetDependency */,
			);
			name = MediaPlayerDemoUITests;
			productName = MediaPlayerDemoUITests;
			productReference = CE5115FB1EF9DDE800C5B9A5 /* MediaPlayerDemoUITests.xctest */;
			productType = "com.apple.product-type.bundle.ui-testing";
		};
/* End PBXNativeTarget section */

/* Begin PBXProject section */
		CE5115D41EF9DDE800C5B9A5 /* Project object */ = {
			isa = PBXProject;
			attributes = {
				LastSwiftUpdateCheck = 0830;
				LastUpgradeCheck = 0830;
				ORGANIZATIONNAME = "Chen, Rena";
				TargetAttributes = {
					CE5115DB1EF9DDE800C5B9A5 = {
						CreatedOnToolsVersion = 8.3.3;
						ProvisioningStyle = Automatic;
					};
					CE5115EF1EF9DDE800C5B9A5 = {
						CreatedOnToolsVersion = 8.3.3;
						ProvisioningStyle = Automatic;
						TestTargetID = CE5115DB1EF9DDE800C5B9A5;
					};
					CE5115FA1EF9DDE800C5B9A5 = {
						CreatedOnToolsVersion = 8.3.3;
						ProvisioningStyle = Automatic;
						TestTargetID = CE5115DB1EF9DDE800C5B9A5;
					};
				};
			};
			buildConfigurationList = CE5115D71EF9DDE800C5B9A5 /* Build configuration list for PBXProject "MediaPlayerDemo" */;
			compatibilityVersion = "Xcode 3.2";
			developmentRegion = English;
			hasScannedForEncodings = 0;
			knownRegions = (
				en,
				Base,
			);
			mainGroup = CE5115D31EF9DDE800C5B9A5;
			productRefGroup = CE5115DD1EF9DDE800C5B9A5 /* Products */;
			projectDirPath = "";
			projectRoot = "";
			targets = (
				CE5115DB1EF9DDE800C5B9A5 /* MediaPlayerDemo */,
				CE5115EF1EF9DDE800C5B9A5 /* MediaPlayerDemoTests */,
				CE5115FA1EF9DDE800C5B9A5 /* MediaPlayerDemoUITests */,
			);
		};
/* End PBXProject section */

/* Begin PBXResourcesBuildPhase section */
		CE5115DA1EF9DDE800C5B9A5 /* Resources */ = {
			isa = PBXResourcesBuildPhase;
			buildActionMask = 2147483647;
			files = (
				CE5115EA1EF9DDE800C5B9A5 /* LaunchScreen.storyboard in Resources */,
				CE5115E71EF9DDE800C5B9A5 /* Assets.xcassets in Resources */,
				CE5115E51EF9DDE800C5B9A5 /* Main.storyboard in Resources */,
			);
			runOnlyForDeploymentPostprocessing = 0;
		};
		CE5115EE1EF9DDE800C5B9A5 /* Resources */ = {
			isa = PBXResourcesBuildPhase;
			buildActionMask = 2147483647;
			files = (
			);
			runOnlyForDeploymentPostprocessing = 0;
		};
		CE5115F91EF9DDE800C5B9A5 /* Resources */ = {
			isa = PBXResourcesBuildPhase;
			buildActionMask = 2147483647;
			files = (
			);
			runOnlyForDeploymentPostprocessing = 0;
		};
/* End PBXResourcesBuildPhase section */

/* Begin PBXSourcesBuildPhase section */
		CE5115D81EF9DDE800C5B9A5 /* Sources */ = {
			isa = PBXSourcesBuildPhase;
			buildActionMask = 2147483647;
			files = (
				CE5115E21EF9DDE800C5B9A5 /* ViewController.swift in Sources */,
				CE5115E01EF9DDE800C5B9A5 /* AppDelegate.swift in Sources */,
			);
			runOnlyForDeploymentPostprocessing = 0;
		};
		CE5115EC1EF9DDE800C5B9A5 /* Sources */ = {
			isa = PBXSourcesBuildPhase;
			buildActionMask = 2147483647;
			files = (
				CE5115F51EF9DDE800C5B9A5 /* MediaPlayerDemoTests.swift in Sources */,
			);
			runOnlyForDeploymentPostprocessing = 0;
		};
		CE5115F71EF9DDE800C5B9A5 /* Sources */ = {
			isa = PBXSourcesBuildPhase;
			buildActionMask = 2147483647;
			files = (
				CE5116001EF9DDE800C5B9A5 /* MediaPlayerDemoUITests.swift in Sources */,
			);
			runOnlyForDeploymentPostprocessing = 0;
		};
/* End PBXSourcesBuildPhase section */

/* Begin PBXTargetDependency section */
		CE5115F21EF9DDE800C5B9A5 /* PBXTargetDependency */ = {
			isa = PBXTargetDependency;
			target = CE5115DB1EF9DDE800C5B9A5 /* MediaPlayerDemo */;
			targetProxy = CE5115F11EF9DDE800C5B9A5 /* PBXContainerItemProxy */;
		};
		CE5115FD1EF9DDE800C5B9A5 /* PBXTargetDependency */ = {
			isa = PBXTargetDependency;
			target = CE5115DB1EF9DDE800C5B9A5 /* MediaPlayerDemo */;
			targetProxy = CE5115FC1EF9DDE800C5B9A5 /* PBXContainerItemProxy */;
		};
/* End PBXTargetDependency section */

/* Begin PBXVariantGroup section */
		CE5115E31EF9DDE800C5B9A5 /* Main.storyboard */ = {
			isa = PBXVariantGroup;
			children = (
				CE5115E41EF9DDE800C5B9A5 /* Base */,
			);
			name = Main.storyboard;
			sourceTree = "<group>";
		};
		CE5115E81EF9DDE800C5B9A5 /* LaunchScreen.storyboard */ = {
			isa = PBXVariantGroup;
			children = (
				CE5115E91EF9DDE800C5B9A5 /* Base */,
			);
			name = LaunchScreen.storyboard;
			sourceTree = "<group>";
		};
/* End PBXVariantGroup section */

/* Begin XCBuildConfiguration section */
		CE5116021EF9DDE800C5B9A5 /* Debug */ = {
			isa = XCBuildConfiguration;
			buildSettings = {
				ALWAYS_SEARCH_USER_PATHS = NO;
				CLANG_ANALYZER_NONNULL = YES;
				CLANG_ANALYZER_NUMBER_OBJECT_CONVERSION = YES_AGGRESSIVE;
				CLANG_CXX_LANGUAGE_STANDARD = "gnu++0x";
				CLANG_CXX_LIBRARY = "libc++";
				CLANG_ENABLE_MODULES = YES;
				CLANG_ENABLE_OBJC_ARC = YES;
				CLANG_WARN_BOOL_CONVERSION = YES;
				CLANG_WARN_CONSTANT_CONVERSION = YES;
				CLANG_WARN_DIRECT_OBJC_ISA_USAGE = YES_ERROR;
				CLANG_WARN_DOCUMENTATION_COMMENTS = YES;
				CLANG_WARN_EMPTY_BODY = YES;
				CLANG_WARN_ENUM_CONVERSION = YES;
				CLANG_WARN_INFINITE_RECURSION = YES;
				CLANG_WARN_INT_CONVERSION = YES;
				CLANG_WARN_OBJC_ROOT_CLASS = YES_ERROR;
				CLANG_WARN_SUSPICIOUS_MOVE = YES;
				CLANG_WARN_UNREACHABLE_CODE = YES;
				CLANG_WARN__DUPLICATE_METHOD_MATCH = YES;
				"CODE_SIGN_IDENTITY[sdk=iphoneos*]" = "iPhone Developer";
				COPY_PHASE_STRIP = NO;
				DEBUG_INFORMATION_FORMAT = dwarf;
				ENABLE_STRICT_OBJC_MSGSEND = YES;
				ENABLE_TESTABILITY = YES;
				GCC_C_LANGUAGE_STANDARD = gnu99;
				GCC_DYNAMIC_NO_PIC = NO;
				GCC_NO_COMMON_BLOCKS = YES;
				GCC_OPTIMIZATION_LEVEL = 0;
				GCC_PREPROCESSOR_DEFINITIONS = (
					"DEBUG=1",
					"$(inherited)",
				);
				GCC_WARN_64_TO_32_BIT_CONVERSION = YES;
				GCC_WARN_ABOUT_RETURN_TYPE = YES_ERROR;
				GCC_WARN_UNDECLARED_SELECTOR = YES;
				GCC_WARN_UNINITIALIZED_AUTOS = YES_AGGRESSIVE;
				GCC_WARN_UNUSED_FUNCTION = YES;
				GCC_WARN_UNUSED_VARIABLE = YES;
				IPHONEOS_DEPLOYMENT_TARGET = 10.3;
				MTL_ENABLE_DEBUG_INFO = YES;
				ONLY_ACTIVE_ARCH = YES;
				SDKROOT = iphoneos;
				SWIFT_ACTIVE_COMPILATION_CONDITIONS = DEBUG;
				SWIFT_OPTIMIZATION_LEVEL = "-Onone";
				TARGETED_DEVICE_FAMILY = "1,2";
			};
			name = Debug;
		};
		CE5116031EF9DDE800C5B9A5 /* Release */ = {
			isa = XCBuildConfiguration;
			buildSettings = {
				ALWAYS_SEARCH_USER_PATHS = NO;
				CLANG_ANALYZER_NONNULL = YES;
				CLANG_ANALYZER_NUMBER_OBJECT_CONVERSION = YES_AGGRESSIVE;
				CLANG_CXX_LANGUAGE_STANDARD = "gnu++0x";
				CLANG_CXX_LIBRARY = "libc++";
				CLANG_ENABLE_MODULES = YES;
				CLANG_ENABLE_OBJC_ARC = YES;
				CLANG_WARN_BOOL_CONVERSION = YES;
				CLANG_WARN_CONSTANT_CONVERSION = YES;
				CLANG_WARN_DIRECT_OBJC_ISA_USAGE = YES_ERROR;
				CLANG_WARN_DOCUMENTATION_COMMENTS = YES;
				CLANG_WARN_EMPTY_BODY = YES;
				CLANG_WARN_ENUM_CONVERSION = YES;
				CLANG_WARN_INFINITE_RECURSION = YES;
				CLANG_WARN_INT_CONVERSION = YES;
				CLANG_WARN_OBJC_ROOT_CLASS = YES_ERROR;
				CLANG_WARN_SUSPICIOUS_MOVE = YES;
				CLANG_WARN_UNREACHABLE_CODE = YES;
				CLANG_WARN__DUPLICATE_METHOD_MATCH = YES;
				"CODE_SIGN_IDENTITY[sdk=iphoneos*]" = "iPhone Developer";
				COPY_PHASE_STRIP = NO;
				DEBUG_INFORMATION_FORMAT = "dwarf-with-dsym";
				ENABLE_NS_ASSERTIONS = NO;
				ENABLE_STRICT_OBJC_MSGSEND = YES;
				GCC_C_LANGUAGE_STANDARD = gnu99;
				GCC_NO_COMMON_BLOCKS = YES;
				GCC_WARN_64_TO_32_BIT_CONVERSION = YES;
				GCC_WARN_ABOUT_RETURN_TYPE = YES_ERROR;
				GCC_WARN_UNDECLARED_SELECTOR = YES;
				GCC_WARN_UNINITIALIZED_AUTOS = YES_AGGRESSIVE;
				GCC_WARN_UNUSED_FUNCTION = YES;
				GCC_WARN_UNUSED_VARIABLE = YES;
				IPHONEOS_DEPLOYMENT_TARGET = 10.3;
				MTL_ENABLE_DEBUG_INFO = NO;
				SDKROOT = iphoneos;
				SWIFT_OPTIMIZATION_LEVEL = "-Owholemodule";
				TARGETED_DEVICE_FAMILY = "1,2";
				VALIDATE_PRODUCT = YES;
			};
			name = Release;
		};
		CE5116051EF9DDE800C5B9A5 /* Debug */ = {
			isa = XCBuildConfiguration;
			buildSettings = {
				ASSETCATALOG_COMPILER_APPICON_NAME = AppIcon;
				INFOPLIST_FILE = MediaPlayerDemo/Info.plist;
				LD_RUNPATH_SEARCH_PATHS = "$(inherited) @executable_path/Frameworks";
				PRODUCT_BUNDLE_IDENTIFIER = com.demo.MediaPlayerDemo;
				PRODUCT_NAME = "$(TARGET_NAME)";
				SWIFT_VERSION = 3.0;
			};
			name = Debug;
		};
		CE5116061EF9DDE800C5B9A5 /* Release */ = {
			isa = XCBuildConfiguration;
			buildSettings = {
				ASSETCATALOG_COMPILER_APPICON_NAME = AppIcon;
				INFOPLIST_FILE = MediaPlayerDemo/Info.plist;
				LD_RUNPATH_SEARCH_PATHS = "$(inherited) @executable_path/Frameworks";
				PRODUCT_BUNDLE_IDENTIFIER = com.demo.MediaPlayerDemo;
				PRODUCT_NAME = "$(TARGET_NAME)";
				SWIFT_VERSION = 3.0;
			};
			name = Release;
		};
		CE5116081EF9DDE800C5B9A5 /* Debug */ = {
			isa = XCBuildConfiguration;
			buildSettings = {
				ALWAYS_EMBED_SWIFT_STANDARD_LIBRARIES = YES;
				BUNDLE_LOADER = "$(TEST_HOST)";
				INFOPLIST_FILE = MediaPlayerDemoTests/Info.plist;
				LD_RUNPATH_SEARCH_PATHS = "$(inherited) @executable_path/Frameworks @loader_path/Frameworks";
				PRODUCT_BUNDLE_IDENTIFIER = com.demo.MediaPlayerDemoTests;
				PRODUCT_NAME = "$(TARGET_NAME)";
				SWIFT_VERSION = 3.0;
				TEST_HOST = "$(BUILT_PRODUCTS_DIR)/MediaPlayerDemo.app/MediaPlayerDemo";
			};
			name = Debug;
		};
		CE5116091EF9DDE800C5B9A5 /* Release */ = {
			isa = XCBuildConfiguration;
			buildSettings = {
				ALWAYS_EMBED_SWIFT_STANDARD_LIBRARIES = YES;
				BUNDLE_LOADER = "$(TEST_HOST)";
				INFOPLIST_FILE = MediaPlayerDemoTests/Info.plist;
				LD_RUNPATH_SEARCH_PATHS = "$(inherited) @executable_path/Frameworks @loader_path/Frameworks";
				PRODUCT_BUNDLE_IDENTIFIER = com.demo.MediaPlayerDemoTests;
				PRODUCT_NAME = "$(TARGET_NAME)";
				SWIFT_VERSION = 3.0;
				TEST_HOST = "$(BUILT_PRODUCTS_DIR)/MediaPlayerDemo.app/MediaPlayerDemo";
			};
			name = Release;
		};
		CE51160B1EF9DDE800C5B9A5 /* Debug */ = {
			isa = XCBuildConfiguration;
			buildSettings = {
				ALWAYS_EMBED_SWIFT_STANDARD_LIBRARIES = YES;
				INFOPLIST_FILE = MediaPlayerDemoUITests/Info.plist;
				LD_RUNPATH_SEARCH_PATHS = "$(inherited) @executable_path/Frameworks @loader_path/Frameworks";
				PRODUCT_BUNDLE_IDENTIFIER = com.demo.MediaPlayerDemoUITests;
				PRODUCT_NAME = "$(TARGET_NAME)";
				SWIFT_VERSION = 3.0;
				TEST_TARGET_NAME = MediaPlayerDemo;
			};
			name = Debug;
		};
		CE51160C1EF9DDE800C5B9A5 /* Release */ = {
			isa = XCBuildConfiguration;
			buildSettings = {
				ALWAYS_EMBED_SWIFT_STANDARD_LIBRARIES = YES;
				INFOPLIST_FILE = MediaPlayerDemoUITests/Info.plist;
				LD_RUNPATH_SEARCH_PATHS = "$(inherited) @executable_path/Frameworks @loader_path/Frameworks";
				PRODUCT_BUNDLE_IDENTIFIER = com.demo.MediaPlayerDemoUITests;
				PRODUCT_NAME = "$(TARGET_NAME)";
				SWIFT_VERSION = 3.0;
				TEST_TARGET_NAME = MediaPlayerDemo;
			};
			name = Release;
		};
/* End XCBuildConfiguration section */

/* Begin XCConfigurationList section */
		CE5115D71EF9DDE800C5B9A5 /* Build configuration list for PBXProject "MediaPlayerDemo" */ = {
			isa = XCConfigurationList;
			buildConfigurations = (
				CE5116021EF9DDE800C5B9A5 /* Debug */,
				CE5116031EF9DDE800C5B9A5 /* Release */,
			);
			defaultConfigurationIsVisible = 0;
			defaultConfigurationName = Release;
		};
		CE5116041EF9DDE800C5B9A5 /* Build configuration list for PBXNativeTarget "MediaPlayerDemo" */ = {
			isa = XCConfigurationList;
			buildConfigurations = (
				CE5116051EF9DDE800C5B9A5 /* Debug */,
				CE5116061EF9DDE800C5B9A5 /* Release */,
			);
			defaultConfigurationIsVisible = 0;
		};
		CE5116071EF9DDE800C5B9A5 /* Build configuration list for PBXNativeTarget "MediaPlayerDemoTests" */ = {
			isa = XCConfigurationList;
			buildConfigurations = (
				CE5116081EF9DDE800C5B9A5 /* Debug */,
				CE5116091EF9DDE800C5B9A5 /* Release */,
			);
			defaultConfigurationIsVisible = 0;
		};
		CE51160A1EF9DDE800C5B9A5 /* Build configuration list for PBXNativeTarget "MediaPlayerDemoUITests" */ = {
			isa = XCConfigurationList;
			buildConfigurations = (
				CE51160B1EF9DDE800C5B9A5 /* Debug */,
				CE51160C1EF9DDE800C5B9A5 /* Release */,
			);
			defaultConfigurationIsVisible = 0;
		};
/* End XCConfigurationList section */
	};
	rootObject = CE5115D41EF9DDE800C5B9A5 /* Project object */;
}
